
Microsoft Visual Studio Solution File, Format Version 12.00
# Visual Studio Version 17
VisualStudioVersion = 17.8.34322.80
MinimumVisualStudioVersion = 10.0.40219.1
Project("{9A19103F-16F7-4668-BE54-9A1E7A4F7556}") = "AOC_2023", "AOC\AOC_2023.csproj", "{15077D51-5087-4E5F-B89A-F497239B7942}"
EndProject
Global
	GlobalSection(SolutionConfigurationPlatforms) = preSolution
		Debug|Any CPU = Debug|Any CPU
		Release|Any CPU = Release|Any CPU
	EndGlobalSection
	GlobalSection(ProjectConfigurationPlatforms) = postSolution
		{15077D51-5087-4E5F-B89A-F497239B7942}.Debug|Any CPU.ActiveCfg = Debug|Any CPU
		{15077D51-5087-4E5F-B89A-F497239B7942}.Debug|Any CPU.Build.0 = Debug|Any CPU
		{15077D51-5087-4E5F-B89A-F497239B7942}.Release|Any CPU.ActiveCfg = Release|Any CPU
		{15077D51-5087-4E5F-B89A-F497239B7942}.Release|Any CPU.Build.0 = Release|Any CPU
	EndGlobalSection
	GlobalSection(SolutionProperties) = preSolution
		HideSolutionNode = FALSE
	EndGlobalSection
	GlobalSection(ExtensibilityGlobals) = postSolution
		SolutionGuid = {284B5461-3CB5-4AE4-BDA3-A07E5B4353A8}
	EndGlobalSection
EndGlobal
